{
  "name": "umbra-analytics-module",
  "version": "0.0.2",
  "lockfileVersion": 2,
  "requires": true,
  "packages": {
    "": {
      "name": "umbra-analytics-module",
      "version": "0.0.2",
      "license": "MIT",
      "dependencies": {
        "macaddress": "^0.5.3"
      }
    },
    "node_modules/macaddress": {
      "version": "0.5.3",
      "resolved": "https://registry.npmjs.org/macaddress/-/macaddress-0.5.3.tgz",
      "integrity": "sha512-vGBKTA+jwM4KgjGZ+S/8/Mkj9rWzePyGY6jManXPGhiWu63RYwW8dKPyk5koP+8qNVhPhHgFa1y/MJ4wrjsNrg=="
    }
  },
  "dependencies": {
    "macaddress": {
      "version": "0.5.3",
      "resolved": "https://registry.npmjs.org/macaddress/-/macaddress-0.5.3.tgz",
      "integrity": "sha512-vGBKTA+jwM4KgjGZ+S/8/Mkj9rWzePyGY6jManXPGhiWu63RYwW8dKPyk5koP+8qNVhPhHgFa1y/MJ4wrjsNrg=="
    }
  }
}
